{
  "version": 4,
  "terraform_version": "1.8.5",
  "serial": 6,
  "lineage": "a84229e2-0d4c-e7ec-04e5-9a666ed79f89",
  "outputs": {
    "dynamodb_table_name": {
      "value": "terraform-locks",
      "type": "string"
    },
    "s3_bucket_name": {
      "value": "artem-tfstate-lesson5-314175685469-eun1",
      "type": "string"
    }
  },
  "resources": [
    {
      "module": "module.s3_backend",
      "mode": "managed",
      "type": "aws_dynamodb_table",
      "name": "locks",
      "provider": "provider[\"registry.terraform.io/hashicorp/aws\"]",
      "instances": [
        {
          "schema_version": 1,
          "attributes": {
            "arn": "arn:aws:dynamodb:eu-north-1:314175685469:table/terraform-locks",
            "attribute": [
              {
                "name": "LockID",
                "type": "S"
              }
            ],
            "billing_mode": "PAY_PER_REQUEST",
            "deletion_protection_enabled": false,
            "global_secondary_index": [],
            "hash_key": "LockID",
            "id": "terraform-locks",
            "import_table": [],
            "local_secondary_index": [],
            "name": "terraform-locks",
            "on_demand_throughput": [],
            "point_in_time_recovery": [
              {
                "enabled": false,
                "recovery_period_in_days": 0
              }
            ],
            "range_key": null,
            "read_capacity": 0,
            "replica": [],
            "restore_date_time": null,
            "restore_source_name": null,
            "restore_source_table_arn": null,
            "restore_to_latest_time": null,
            "server_side_encryption": [],
            "stream_arn": "",
            "stream_enabled": false,
            "stream_label": "",
            "stream_view_type": "",
            "table_class": "STANDARD",
            "tags": {
              "Name": "terraform-locks",
              "Owner": "Artem",
              "Project": "lesson-5"
            },
            "tags_all": {
              "Name": "terraform-locks",
              "Owner": "Artem",
              "Project": "lesson-5"
            },
            "timeouts": null,
            "ttl": [
              {
                "attribute_name": "",
                "enabled": false
              }
            ],
            "write_capacity": 0
          },
          "sensitive_attributes": [],
          "private": "eyJlMmJmYjczMC1lY2FhLTExZTYtOGY4OC0zNDM2M2JjN2M0YzAiOnsiY3JlYXRlIjoxODAwMDAwMDAwMDAwLCJkZWxldGUiOjYwMDAwMDAwMDAwMCwidXBkYXRlIjozNjAwMDAwMDAwMDAwfSwic2NoZW1hX3ZlcnNpb24iOiIxIn0="
        }
      ]
    },
    {
      "module": "module.s3_backend",
      "mode": "managed",
      "type": "aws_s3_bucket",
      "name": "tfstate",
      "provider": "provider[\"registry.terraform.io/hashicorp/aws\"]",
      "instances": [
        {
          "schema_version": 0,
          "attributes": {
            "acceleration_status": "",
            "acl": null,
            "arn": "arn:aws:s3:::artem-tfstate-lesson5-314175685469-eun1",
            "bucket": "artem-tfstate-lesson5-314175685469-eun1",
            "bucket_domain_name": "artem-tfstate-lesson5-314175685469-eun1.s3.amazonaws.com",
            "bucket_prefix": "",
            "bucket_regional_domain_name": "artem-tfstate-lesson5-314175685469-eun1.s3.eu-north-1.amazonaws.com",
            "cors_rule": [],
            "force_destroy": true,
            "grant": [
              {
                "id": "63cae0962f9753c92313439316598ba0d0b19ff980d9e7d35256a6b1d372c16c",
                "permissions": [
                  "FULL_CONTROL"
                ],
                "type": "CanonicalUser",
                "uri": ""
              }
            ],
            "hosted_zone_id": "Z3BAZG2TWCNX0D",
            "id": "artem-tfstate-lesson5-314175685469-eun1",
            "lifecycle_rule": [],
            "logging": [],
            "object_lock_configuration": [],
            "object_lock_enabled": false,
            "policy": "",
            "region": "eu-north-1",
            "replication_configuration": [],
            "request_payer": "BucketOwner",
            "server_side_encryption_configuration": [
              {
                "rule": [
                  {
                    "apply_server_side_encryption_by_default": [
                      {
                        "kms_master_key_id": "",
                        "sse_algorithm": "AES256"
                      }
                    ],
                    "bucket_key_enabled": false
                  }
                ]
              }
            ],
            "tags": {
              "Name": "artem-tfstate-lesson5-314175685469-eun1",
              "Owner": "Artem",
              "Project": "lesson-5"
            },
            "tags_all": {
              "Name": "artem-tfstate-lesson5-314175685469-eun1",
              "Owner": "Artem",
              "Project": "lesson-5"
            },
            "timeouts": null,
            "versioning": [
              {
                "enabled": false,
                "mfa_delete": false
              }
            ],
            "website": [],
            "website_domain": null,
            "website_endpoint": null
          },
          "sensitive_attributes": [],
          "private": "eyJlMmJmYjczMC1lY2FhLTExZTYtOGY4OC0zNDM2M2JjN2M0YzAiOnsiY3JlYXRlIjoxMjAwMDAwMDAwMDAwLCJkZWxldGUiOjM2MDAwMDAwMDAwMDAsInJlYWQiOjEyMDAwMDAwMDAwMDAsInVwZGF0ZSI6MTIwMDAwMDAwMDAwMH19"
        }
      ]
    },
    {
      "module": "module.s3_backend",
      "mode": "managed",
      "type": "aws_s3_bucket_public_access_block",
      "name": "tfstate",
      "provider": "provider[\"registry.terraform.io/hashicorp/aws\"]",
      "instances": [
        {
          "schema_version": 0,
          "attributes": {
            "block_public_acls": true,
            "block_public_policy": true,
            "bucket": "artem-tfstate-lesson5-314175685469-eun1",
            "id": "artem-tfstate-lesson5-314175685469-eun1",
            "ignore_public_acls": true,
            "restrict_public_buckets": true
          },
          "sensitive_attributes": [],
          "private": "bnVsbA==",
          "dependencies": [
            "module.s3_backend.aws_s3_bucket.tfstate"
          ]
        }
      ]
    },
    {
      "module": "module.s3_backend",
      "mode": "managed",
      "type": "aws_s3_bucket_server_side_encryption_configuration",
      "name": "tfstate",
      "provider": "provider[\"registry.terraform.io/hashicorp/aws\"]",
      "instances": [
        {
          "schema_version": 0,
          "attributes": {
            "bucket": "artem-tfstate-lesson5-314175685469-eun1",
            "expected_bucket_owner": "",
            "id": "artem-tfstate-lesson5-314175685469-eun1",
            "rule": [
              {
                "apply_server_side_encryption_by_default": [
                  {
                    "kms_master_key_id": "",
                    "sse_algorithm": "AES256"
                  }
                ],
                "bucket_key_enabled": null
              }
            ]
          },
          "sensitive_attributes": [],
          "private": "bnVsbA==",
          "dependencies": [
            "module.s3_backend.aws_s3_bucket.tfstate"
          ]
        }
      ]
    },
    {
      "module": "module.s3_backend",
      "mode": "managed",
      "type": "aws_s3_bucket_versioning",
      "name": "tfstate",
      "provider": "provider[\"registry.terraform.io/hashicorp/aws\"]",
      "instances": [
        {
          "schema_version": 0,
          "attributes": {
            "bucket": "artem-tfstate-lesson5-314175685469-eun1",
            "expected_bucket_owner": "",
            "id": "artem-tfstate-lesson5-314175685469-eun1",
            "mfa": null,
            "versioning_configuration": [
              {
                "mfa_delete": "",
                "status": "Enabled"
              }
            ]
          },
          "sensitive_attributes": [],
          "private": "bnVsbA==",
          "dependencies": [
            "module.s3_backend.aws_s3_bucket.tfstate"
          ]
        }
      ]
    }
  ],
  "check_results": null
}
